schema: '2.0'
stages:
  train:
    cmd: .venv\Scripts\python.exe src/train.py --data-path data/heart.csv 
      --metrics-path metrics.json --model-path artifacts/heart_model.joblib
    deps:
    - path: data/heart.csv
      hash: md5
      md5: 6481ed154d5b8ff83d7c09007aaa6ed0
      size: 38114
    - path: src/train.py
      hash: md5
      md5: 5bc9fff8ead3eeee184258f578dbc552
      size: 3510
    params:
      params.yaml:
        train.max_depth: 8
        train.min_samples_leaf: 2
        train.n_estimators: 200
        train.random_state: 42
        train.test_size: 0.2
    outs:
    - path: artifacts/heart_model.joblib
      hash: md5
      md5: 11736fd10ad4673bd5ee826e91464fff
      size: 1058764
    - path: metrics.json
      hash: md5
      md5: b978dcaec8e40039cf7ef9e49e41932a
      size: 126
